
Microsoft Visual Studio Solution File, Format Version 12.00
# Visual Studio 15
VisualStudioVersion = 15.0.28010.2036
MinimumVisualStudioVersion = 10.0.40219.1
Project("{FAE04EC0-301F-11D3-BF4B-00C04F79EFBC}") = "my8Client", "my8Client\my8Client.csproj", "{4EC21856-5C3F-410F-80DF-EE72C0E17C47}"
EndProject
Global
	GlobalSection(SolutionConfigurationPlatforms) = preSolution
		Debug|Any CPU = Debug|Any CPU
		Release|Any CPU = Release|Any CPU
	EndGlobalSection
	GlobalSection(ProjectConfigurationPlatforms) = postSolution
		{4EC21856-5C3F-410F-80DF-EE72C0E17C47}.Debug|Any CPU.ActiveCfg = Debug|Any CPU
		{4EC21856-5C3F-410F-80DF-EE72C0E17C47}.Debug|Any CPU.Build.0 = Debug|Any CPU
		{4EC21856-5C3F-410F-80DF-EE72C0E17C47}.Release|Any CPU.ActiveCfg = Release|Any CPU
		{4EC21856-5C3F-410F-80DF-EE72C0E17C47}.Release|Any CPU.Build.0 = Release|Any CPU
	EndGlobalSection
	GlobalSection(SolutionProperties) = preSolution
		HideSolutionNode = FALSE
	EndGlobalSection
	GlobalSection(ExtensibilityGlobals) = postSolution
		SolutionGuid = {3C1BB1C6-EB60-4097-BF40-7129BD4B53D2}
	EndGlobalSection
EndGlobal
